version: 7
platforms:
- name: p1
  subdir: linux-64
  virtual-packages:
  - __cuda=13
  - __unix=0=0
  - __linux=4.18
  - __glibc=2.28
  - __archspec=0=x86_64
environments:
  default:
    channels:
    - url: https://conda.anaconda.org/conda-forge/
    packages:
      p1:
      - conda: https://conda.anaconda.org/conda-forge/linux-64/_openmp_mutex-4.5-20_gnu.conda
      - conda: https://conda.anaconda.org/conda-forge/linux-64/bzip2-1.0.8-hda65f42_9.conda
      - conda: https://conda.anaconda.org/conda-forge/linux-64/cuda-crt-tools-13.3.73-ha770c72_0.conda
      - conda: https://conda.anaconda.org/conda-forge/linux-64/cuda-nvcc-tools-13.3.73-he02047a_0.conda
      - conda: https://conda.anaconda.org/conda-forge/linux-64/cuda-nvrtc-13.3.33-hecca717_0.conda
      - conda: https://conda.anaconda.org/conda-forge/linux-64/cuda-nvvm-impl-13.3.73-h4bc722e_0.conda
      - conda: https://conda.anaconda.org/conda-forge/linux-64/cuda-nvvm-tools-13.3.73-h4bc722e_0.conda
      - conda: https://conda.anaconda.org/conda-forge/linux-64/cuda-tileiras-13.3.36-hecca717_0.conda
      - conda: https://conda.anaconda.org/conda-forge/linux-64/cupy-14.1.1-py314hdea9c46_0.conda
      - conda: https://conda.anaconda.org/conda-forge/linux-64/cupy-core-14.1.1-py314hcd3b49b_0.conda
      - conda: https://conda.anaconda.org/conda-forge/linux-64/cutile-python-1.4.0-py314h118ebf0_1.conda
      - conda: https://conda.anaconda.org/conda-forge/linux-64/ld_impl_linux-64-2.45.1-default_hbd61a6d_102.conda
      - conda: https://conda.anaconda.org/conda-forge/linux-64/libblas-3.11.0-8_h4a7cf45_openblas.conda
      - conda: https://conda.anaconda.org/conda-forge/linux-64/libcblas-3.11.0-8_h0358290_openblas.conda
      - conda: https://conda.anaconda.org/conda-forge/linux-64/libcublas-13.6.0.2-h676940d_0.conda
      - conda: https://conda.anaconda.org/conda-forge/linux-64/libcufft-12.3.0.29-hecca717_0.conda
      - conda: https://conda.anaconda.org/conda-forge/linux-64/libcurand-10.4.3.29-h676940d_0.conda
      - conda: https://conda.anaconda.org/conda-forge/linux-64/libcusolver-12.2.6.9-h676940d_0.conda
      - conda: https://conda.anaconda.org/conda-forge/linux-64/libcusparse-12.8.2.51-hecca717_0.conda
      - conda: https://conda.anaconda.org/conda-forge/linux-64/libexpat-2.8.1-hecca717_1.conda
      - conda: https://conda.anaconda.org/conda-forge/linux-64/libffi-3.5.2-h3435931_0.conda
      - conda: https://conda.anaconda.org/conda-forge/linux-64/libgcc-15.2.0-he0feb66_19.conda
      - conda: https://conda.anaconda.org/conda-forge/linux-64/libgfortran-15.2.0-h69a702a_19.conda
      - conda: https://conda.anaconda.org/conda-forge/linux-64/libgfortran5-15.2.0-h68bc16d_19.conda
      - conda: https://conda.anaconda.org/conda-forge/linux-64/libgomp-15.2.0-he0feb66_19.conda
      - conda: https://conda.anaconda.org/conda-forge/linux-64/liblapack-3.11.0-8_h47877c9_openblas.conda
      - conda: https://conda.anaconda.org/conda-forge/linux-64/liblzma-5.8.3-hb03c661_0.conda
      - conda: https://conda.anaconda.org/conda-forge/linux-64/libmpdec-4.0.0-hb03c661_1.conda
      - conda: https://conda.anaconda.org/conda-forge/linux-64/libnvjitlink-13.3.33-hecca717_0.conda
      - conda: https://conda.anaconda.org/conda-forge/linux-64/libopenblas-0.3.33-pthreads_h94d23a6_0.conda
      - conda: https://conda.anaconda.org/conda-forge/linux-64/libsqlite-3.53.3-h0c1763c_0.conda
      - conda: https://conda.anaconda.org/conda-forge/linux-64/libstdcxx-15.2.0-h934c35e_19.conda
      - conda: https://conda.anaconda.org/conda-forge/linux-64/libuuid-2.42.2-h5347b49_0.conda
      - conda: https://conda.anaconda.org/conda-forge/linux-64/libzlib-1.3.2-h25fd6f3_2.conda
      - conda: https://conda.anaconda.org/conda-forge/linux-64/ncurses-6.6-hdb14827_0.conda
      - conda: https://conda.anaconda.org/conda-forge/linux-64/numpy-2.5.1-py314h2b28147_0.conda
      - conda: https://conda.anaconda.org/conda-forge/linux-64/openssl-3.6.3-h35e630c_0.conda
      - conda: https://conda.anaconda.org/conda-forge/linux-64/python-3.14.6-habeac84_100_cp314.conda
      - conda: https://conda.anaconda.org/conda-forge/linux-64/readline-8.3-h853b02a_0.conda
      - conda: https://conda.anaconda.org/conda-forge/linux-64/tk-8.6.13-noxft_h366c992_103.conda
      - conda: https://conda.anaconda.org/conda-forge/linux-64/zstd-1.5.7-hb78ec9c_6.conda
      - conda: https://conda.anaconda.org/conda-forge/noarch/ca-certificates-2026.6.17-hbd8a1cb_0.conda
      - conda: https://conda.anaconda.org/conda-forge/noarch/cuda-cccl_linux-64-13.3.3.4.1-ha770c72_0.conda
      - conda: https://conda.anaconda.org/conda-forge/noarch/cuda-cudart-dev_linux-64-13.3.29-h376f20c_0.conda
      - conda: https://conda.anaconda.org/conda-forge/noarch/cuda-cudart-static_linux-64-13.3.29-h376f20c_0.conda
      - conda: https://conda.anaconda.org/conda-forge/noarch/cuda-cudart_linux-64-13.3.29-h376f20c_0.conda
      - conda: https://conda.anaconda.org/conda-forge/noarch/cuda-pathfinder-1.5.6-pyhc364b38_0.conda
      - conda: https://conda.anaconda.org/conda-forge/noarch/cuda-version-13.3-hcbadf70_3.conda
      - conda: https://conda.anaconda.org/conda-forge/noarch/python_abi-3.14-8_cp314.conda
      - conda: https://conda.anaconda.org/conda-forge/noarch/typing-extensions-4.16.0-h69aa097_0.conda
      - conda: https://conda.anaconda.org/conda-forge/noarch/typing_extensions-4.16.0-pyhcf101f3_0.conda
      - conda: https://conda.anaconda.org/conda-forge/noarch/tzdata-2025c-hc9c84f9_1.conda
      - conda_source: cutile-example[2cdf68b6] @ .
packages:
- conda: https://conda.anaconda.org/conda-forge/linux-64/_openmp_mutex-4.5-20_gnu.conda
  build_number: 20
  sha256: 1dd3fffd892081df9726d7eb7e0dea6198962ba775bd88842135a4ddb4deb3c9
  md5: a9f577daf3de00bca7c3c76c0ecbd1de
  depends:
  - __glibc >=2.17,<3.0.a0
  - libgomp >=7.5.0
  constrains:
  - openmp_impl <0.0a0
  license: BSD-3-Clause
  license_family: BSD
  run_exports:
    strong:
    - _openmp_mutex >=4.5
  size: 28948
  timestamp: 1770939786096
- conda: https://conda.anaconda.org/conda-forge/linux-64/bzip2-1.0.8-hda65f42_9.conda
  sha256: 0b75d45f0bba3e95dc693336fa51f40ea28c980131fec438afb7ce6118ed05f6
  md5: d2ffd7602c02f2b316fd921d39876885
  depends:
  - __glibc >=2.17,<3.0.a0
  - libgcc >=14
  license: bzip2-1.0.6
  license_family: BSD
  run_exports:
    weak:
    - bzip2 >=1.0.8,<2.0a0
  size: 260182
  timestamp: 1771350215188
- conda: https://conda.anaconda.org/conda-forge/linux-64/cuda-crt-tools-13.3.73-ha770c72_0.conda
  sha256: c15de6531b48744560311f3db12a2503e57d5ed737f4613e9f5ec56e96ae1967
  md5: 0250c452d2fbe477d4ea1a4c43e8c2b5
  depends:
  - cuda-version >=13.3,<13.4.0a0
  license: LicenseRef-NVIDIA-End-User-License-Agreement
  run_exports: {}
  size: 30173
  timestamp: 1782782850002
- conda: https://conda.anaconda.org/conda-forge/linux-64/cuda-nvcc-tools-13.3.73-he02047a_0.conda
  sha256: 2367b8c3b2b950ae6c3ec2e5353e343ab81d652786f9f4a894d8aec87d8220ec
  md5: 5425950025883aab32919f2a42e1274b
  depends:
  - __glibc >=2.17,<3.0.a0
  - cuda-crt-tools 13.3.73 ha770c72_0
  - cuda-nvvm-tools 13.3.73 h4bc722e_0
  - cuda-version >=13.3,<13.4.0a0
  - libgcc >=12
  - libstdcxx >=12
  constrains:
  - gcc_impl_linux-64 >=6,<16.0a0
  license: LicenseRef-NVIDIA-End-User-License-Agreement
  run_exports: {}
  size: 34673506
  timestamp: 1782782957431
- conda: https://conda.anaconda.org/conda-forge/linux-64/cuda-nvrtc-13.3.33-hecca717_0.conda
  sha256: a70641e7d81694f57c7df46a17b657594393082dad667532c29df9540b7f99ca
  md5: 57124a775cb937bb2bfd10f09a230430
  depends:
  - __glibc >=2.17,<3.0.a0
  - cuda-version >=13.3,<13.4.0a0
  - libgcc >=14
  - libstdcxx >=14
  license: LicenseRef-NVIDIA-End-User-License-Agreement
  run_exports: {}
  size: 39254802
  timestamp: 1779897349474
- conda: https://conda.anaconda.org/conda-forge/linux-64/cuda-nvvm-impl-13.3.73-h4bc722e_0.conda
  sha256: 41f356d6c38af4d2be789b13697469eb2eb61fc7aaf2765ae8dc5845587a36f7
  md5: e9fa0c38f175daa97354d21e74603588
  depends:
  - __glibc >=2.17,<3.0.a0
  - cuda-version >=13.3,<13.4.0a0
  - libgcc >=12
  license: LicenseRef-NVIDIA-End-User-License-Agreement
  run_exports: {}
  size: 22429305
  timestamp: 1782782861319
- conda: https://conda.anaconda.org/conda-forge/linux-64/cuda-nvvm-tools-13.3.73-h4bc722e_0.conda
  sha256: f853f097a67a197608fafc193ab877393c7735b1da2364572172cc9eff262775
  md5: d5c9cf56873f461074420e70970604a9
  depends:
  - __glibc >=2.17,<3.0.a0
  - cuda-version >=13.3,<13.4.0a0
  - libgcc >=12
  license: LicenseRef-NVIDIA-End-User-License-Agreement
  run_exports: {}
  size: 29734373
  timestamp: 1782782895477
- conda: https://conda.anaconda.org/conda-forge/linux-64/cuda-tileiras-13.3.36-hecca717_0.conda
  sha256: a07ea0cdd7ae8f7802bd59368aaee68ecc3edcab58b3b1ecd0e1e86284b08023
  md5: 7548be407524388a21111da4b385f350
  depends:
  - __glibc >=2.17,<3.0.a0
  - cuda-nvcc-tools
  - cuda-nvvm-impl
  - cuda-version >=13.3,<13.4.0a0
  - libgcc >=14
  - libstdcxx >=14
  license: LicenseRef-NVIDIA-End-User-License-Agreement
  run_exports: {}
  size: 28119891
  timestamp: 1779914201352
- conda: https://conda.anaconda.org/conda-forge/linux-64/cupy-14.1.1-py314hdea9c46_0.conda
  sha256: dac33d019fb7ee98dd6feb3ac14ca59332d81ffd107a4e7d45536945891a1db3
  md5: c8fc2efe5667dce75aacfec161806bbc
  depends:
  - cuda-cudart-dev_linux-64
  - cuda-nvrtc
  - cuda-version >=13,<14.0a0
  - cupy-core 14.1.1 py314hcd3b49b_0
  - libcublas
  - libcufft
  - libcurand
  - libcusolver
  - libcusparse
  - python >=3.14,<3.15.0a0
  - python_abi 3.14.* *_cp314
  license: MIT
  license_family: MIT
  run_exports: {}
  size: 421709
  timestamp: 1780316401372
- conda: https://conda.anaconda.org/conda-forge/linux-64/cupy-core-14.1.1-py314hcd3b49b_0.conda
  sha256: 889aa90131be7ba56a3606e277ce65a7476ef16025ce21c43bd6719045d7752b
  md5: 5c294ee360395ce9ba8c9b434bf0743a
  depends:
  - __glibc >=2.28,<3.0.a0
  - cuda-pathfinder >=1.3.4,<2.0a0
  - libgcc >=14
  - libstdcxx >=14
  - numpy >=1.23,<3
  - numpy >=2.0
  - python >=3.14,<3.15.0a0
  - python_abi 3.14.* *_cp314
  constrains:
  - libcurand >=10,<11.0a0
  - nccl >=2.30.4.1,<3.0a0
  - optuna ~=3.0
  - libcufft >=12,<13.0a0
  - __cuda >=13.0
  - cutensor >=2.6.0.4,<3.0a0
  - scipy >=1.14,<1.17
  - libcusparse >=12,<13.0a0
  - libcusolver >=12,<13.0a0
  - cupy >=14.1.1,<14.2.0a0
  - libcublas >=13,<14.0a0
  - cuda-nvrtc >=13,<14.0a0
  - cuda-version >=13,<14.0a0
  license: MIT
  license_family: MIT
  run_exports: {}
  size: 33124062
  timestamp: 1780316313713
- conda: https://conda.anaconda.org/conda-forge/linux-64/cutile-python-1.4.0-py314h118ebf0_1.conda
  sha256: 0cdad1442ebe554dca91a3123a1d1ef093fb2dcf2a7888b95d0d8ff162b0a799
  md5: bbb31e54ce8e5488488dfdf401d5944b
  depends:
  - cuda-tileiras
  - python
  - typing-extensions
  - cuda-version >=13,<14.0a0
  - libgcc >=14
  - libstdcxx >=14
  - __glibc >=2.17,<3.0.a0
  - python_abi 3.14.* *_cp314
  constrains:
  - __cuda >=13.0
  license: Apache-2.0
  license_family: APACHE
  run_exports: {}
  size: 678011
  timestamp: 1780425516562
- conda: https://conda.anaconda.org/conda-forge/linux-64/ld_impl_linux-64-2.45.1-default_hbd61a6d_102.conda
  sha256: 3d584956604909ff5df353767f3a2a2f60e07d070b328d109f30ac40cd62df6c
  md5: 18335a698559cdbcd86150a48bf54ba6
  depends:
  - __glibc >=2.17,<3.0.a0
  - zstd >=1.5.7,<1.6.0a0
  constrains:
  - binutils_impl_linux-64 2.45.1
  license: GPL-3.0-only
  license_family: GPL
  run_exports: {}
  size: 728002
  timestamp: 1774197446916
- conda: https://conda.anaconda.org/conda-forge/linux-64/libblas-3.11.0-8_h4a7cf45_openblas.conda
  build_number: 8
  sha256: b2da6bfd72a1c9cb143ccf64bf5b28790cb4eb58bd1cb978f6537b2322f7d48b
  md5: 00fc660ab1b2f5ca07e92b4900d10c79
  depends:
  - libopenblas >=0.3.33,<0.3.34.0a0
  - libopenblas >=0.3.33,<1.0a0
  constrains:
  - blas 2.308   openblas
  - mkl <2027
  - libcblas   3.11.0   8*_openblas
  - liblapack  3.11.0   8*_openblas
  - liblapacke 3.11.0   8*_openblas
  license: BSD-3-Clause
  license_family: BSD
  run_exports:
    weak:
    - libblas >=3.11.0,<4.0a0
  size: 18804
  timestamp: 1779859100675
- conda: https://conda.anaconda.org/conda-forge/linux-64/libcblas-3.11.0-8_h0358290_openblas.conda
  build_number: 8
  sha256: 1a2bc77bb26520255904a3d9b1f40e6bf0bf9d8d3405c7709dd162282820915a
  md5: 33a413f1095f8325e5c30fde3b0d2445
  depends:
  - libblas 3.11.0 8_h4a7cf45_openblas
  constrains:
  - blas 2.308   openblas
  - liblapacke 3.11.0   8*_openblas
  - liblapack  3.11.0   8*_openblas
  license: BSD-3-Clause
  license_family: BSD
  run_exports:
    weak:
    - libcblas >=3.11.0,<4.0a0
  size: 18778
  timestamp: 1779859107964
- conda: https://conda.anaconda.org/conda-forge/linux-64/libcublas-13.6.0.2-h676940d_0.conda
  sha256: d10ce5ea92af1cccc0ed4640506489762f273f2e40debaf6300be2c866f17e8b
  md5: b94086b1a487ca78ec1836dfd4a3efca
  depends:
  - __glibc >=2.28,<3.0.a0
  - cuda-nvrtc
  - cuda-version >=13.3,<13.4.0a0
  - libgcc >=14
  - libstdcxx >=14
  license: LicenseRef-NVIDIA-End-User-License-Agreement
  run_exports: {}
  size: 384624985
  timestamp: 1782782999955
- conda: https://conda.anaconda.org/conda-forge/linux-64/libcufft-12.3.0.29-hecca717_0.conda
  sha256: bd69d4b63be28c36e0fa962256666672e3f2eff5dfc06bdd545acef278f83754
  md5: b347b9844eb16238c7f7b62cd2bd1e68
  depends:
  - __glibc >=2.17,<3.0.a0
  - cuda-version >=13.3,<13.4.0a0
  - libgcc >=14
  - libstdcxx >=14
  license: LicenseRef-NVIDIA-End-User-License-Agreement
  run_exports: {}
  size: 150951336
  timestamp: 1779897536120
- conda: https://conda.anaconda.org/conda-forge/linux-64/libcurand-10.4.3.29-h676940d_0.conda
  sha256: 9a1615a44f0d01fcc23b4f1be4c8f86b2e19e3974481e826180dd261b67dcad6
  md5: 6172124b5a746cc1f3f9fc7fac9f6740
  depends:
  - __glibc >=2.28,<3.0.a0
  - cuda-version >=13.3,<13.4.0a0
  - libgcc >=14
  - libstdcxx >=14
  license: LicenseRef-NVIDIA-End-User-License-Agreement
  run_exports: {}
  size: 43805393
  timestamp: 1779897559895
- conda: https://conda.anaconda.org/conda-forge/linux-64/libcusolver-12.2.6.9-h676940d_0.conda
  sha256: c72cb48bd4983527ec78972fcb982b197250d3f0144461a4500c4dde2da36af8
  md5: c2b24b3215b808a2b74d5a72f9af66b6
  depends:
  - __glibc >=2.28,<3.0.a0
  - cuda-version >=13.3,<13.4.0a0
  - libcublas >=13.6.0.2,<13.7.0a0
  - libcusparse >=12.8.2.51,<12.9.0a0
  - libgcc >=14
  - libnvjitlink >=13.3.33,<14.0a0
  - libstdcxx >=14
  license: LicenseRef-NVIDIA-End-User-License-Agreement
  run_exports: {}
  size: 197068627
  timestamp: 1782788745128
- conda: https://conda.anaconda.org/conda-forge/linux-64/libcusparse-12.8.2.51-hecca717_0.conda
  sha256: 23ed1ae0414d204615fece50c58a80462193c08b4da6f177a4a134447c62efff
  md5: 0ee8865db10f700dd542ac18126d0cbb
  depends:
  - __glibc >=2.17,<3.0.a0
  - cuda-version >=13.3,<13.4.0a0
  - libgcc >=14
  - libnvjitlink >=13.3.33,<14.0a0
  - libstdcxx >=14
  license: LicenseRef-NVIDIA-End-User-License-Agreement
  run_exports: {}
  size: 145373224
  timestamp: 1782772363943
- conda: https://conda.anaconda.org/conda-forge/linux-64/libexpat-2.8.1-hecca717_1.conda
  sha256: 16feffd9ddbbe5b718515d38ee376c685ba95491cd901244e24671d20b952a77
  md5: b24d3c612f71e7aa74158d92106318b2
  depends:
  - __glibc >=2.17,<3.0.a0
  - libgcc >=14
  constrains:
  - expat 2.8.1.*
  license: MIT
  license_family: MIT
  run_exports: {}
  size: 77856
  timestamp: 1781203599810
- conda: https://conda.anaconda.org/conda-forge/linux-64/libffi-3.5.2-h3435931_0.conda
  sha256: 31f19b6a88ce40ebc0d5a992c131f57d919f73c0b92cd1617a5bec83f6e961e6
  md5: a360c33a5abe61c07959e449fa1453eb
  depends:
  - __glibc >=2.17,<3.0.a0
  - libgcc >=14
  license: MIT
  license_family: MIT
  run_exports:
    weak:
    - libffi >=3.5.2,<3.6.0a0
  size: 58592
  timestamp: 1769456073053
- conda: https://conda.anaconda.org/conda-forge/linux-64/libgcc-15.2.0-he0feb66_19.conda
  sha256: 8e0a3b5e41272e5678499b5dfc4cddb673f9e935de01eb0767ce857001229f46
  md5: 57736f29cc2b0ec0b6c2952d3f101b6a
  depends:
  - __glibc >=2.17,<3.0.a0
  - _openmp_mutex >=4.5
  constrains:
  - libgcc-ng ==15.2.0=*_19
  - libgomp 15.2.0 he0feb66_19
  license: GPL-3.0-only WITH GCC-exception-3.1
  license_family: GPL
  run_exports: {}
  size: 1041084
  timestamp: 1778269013026
- conda: https://conda.anaconda.org/conda-forge/linux-64/libgfortran-15.2.0-h69a702a_19.conda
  sha256: 561a42758ef25b9ce308c4e2cf56daee4f06138385a17e29a492cd928e00be6f
  md5: 42bf7eca1a951735fa06c0e3c0d5c8e6
  depends:
  - libgfortran5 15.2.0 h68bc16d_19
  constrains:
  - libgfortran-ng ==15.2.0=*_19
  license: GPL-3.0-only WITH GCC-exception-3.1
  license_family: GPL
  run_exports: {}
  size: 27655
  timestamp: 1778269042954
- conda: https://conda.anaconda.org/conda-forge/linux-64/libgfortran5-15.2.0-h68bc16d_19.conda
  sha256: 057978bb69fea29ed715a9b98adf71015c31baecc4aeb2bfc20d4fd5d83579d4
  md5: 85072b0ad177c966294f129b7c04a2d5
  depends:
  - __glibc >=2.17,<3.0.a0
  - libgcc >=15.2.0
  constrains:
  - libgfortran 15.2.0
  license: GPL-3.0-only WITH GCC-exception-3.1
  license_family: GPL
  run_exports: {}
  size: 2483673
  timestamp: 1778269025089
- conda: https://conda.anaconda.org/conda-forge/linux-64/libgomp-15.2.0-he0feb66_19.conda
  sha256: 5abe4ab9d93f6c9757d654f1969ae2267d4505315c1f2f8fe705fd60af084f1b
  md5: faac990cb7aedc7f3a2224f2c9b0c26c
  depends:
  - __glibc >=2.17,<3.0.a0
  license: GPL-3.0-only WITH GCC-exception-3.1
  license_family: GPL
  run_exports:
    strong:
    - _openmp_mutex >=4.5
  size: 603817
  timestamp: 1778268942614
- conda: https://conda.anaconda.org/conda-forge/linux-64/liblapack-3.11.0-8_h47877c9_openblas.conda
  build_number: 8
  sha256: 168e327d737059553e15cc6ec36d76b9bbb3931c2a7721555fd68b4c9348b247
  md5: 809be8ba8712c77bc7d44c2d99390dc4
  depends:
  - libblas 3.11.0 8_h4a7cf45_openblas
  constrains:
  - blas 2.308   openblas
  - libcblas   3.11.0   8*_openblas
  - liblapacke 3.11.0   8*_openblas
  license: BSD-3-Clause
  license_family: BSD
  run_exports:
    weak:
    - liblapack >=3.11.0,<3.12.0a0
  size: 18790
  timestamp: 1779859115086
- conda: https://conda.anaconda.org/conda-forge/linux-64/liblzma-5.8.3-hb03c661_0.conda
  sha256: ec30e52a3c1bf7d0425380a189d209a52baa03f22fb66dd3eb587acaa765bd6d
  md5: b88d90cad08e6bc8ad540cb310a761fb
  depends:
  - __glibc >=2.17,<3.0.a0
  - libgcc >=14
  constrains:
  - xz 5.8.3.*
  license: 0BSD
  run_exports:
    weak:
    - liblzma >=5.8.3,<6.0a0
  size: 113478
  timestamp: 1775825492909
- conda: https://conda.anaconda.org/conda-forge/linux-64/libmpdec-4.0.0-hb03c661_1.conda
  sha256: fe171ed5cf5959993d43ff72de7596e8ac2853e9021dec0344e583734f1e0843
  md5: 2c21e66f50753a083cbe6b80f38268fa
  depends:
  - __glibc >=2.17,<3.0.a0
  - libgcc >=14
  license: BSD-2-Clause
  license_family: BSD
  run_exports: {}
  size: 92400
  timestamp: 1769482286018
- conda: https://conda.anaconda.org/conda-forge/linux-64/libnvjitlink-13.3.33-hecca717_0.conda
  sha256: f5d0aed3cfb504239fac6e03e994f36c34725acba5382adc516cbfdd6993a959
  md5: 2795538ca415afd5d35aec7c6cd2e385
  depends:
  - __glibc >=2.17,<3.0.a0
  - cuda-version >=13,<13.4.0a0
  - libgcc >=14
  - libstdcxx >=14
  license: LicenseRef-NVIDIA-End-User-License-Agreement
  run_exports: {}
  size: 31168008
  timestamp: 1779897778168
- conda: https://conda.anaconda.org/conda-forge/linux-64/libopenblas-0.3.33-pthreads_h94d23a6_0.conda
  sha256: 3d9aa85648e5e18a6d66db98b8c4317cc426721ad7a220aa86330d1ccedc8903
  md5: 2d3278b721e40468295ca755c3b84070
  depends:
  - __glibc >=2.17,<3.0.a0
  - libgcc >=14
  - libgfortran
  - libgfortran5 >=14.3.0
  constrains:
  - openblas >=0.3.33,<0.3.34.0a0
  license: BSD-3-Clause
  license_family: BSD
  run_exports:
    weak:
    - libopenblas >=0.3.33,<1.0a0
  size: 5931919
  timestamp: 1776993658641
- conda: https://conda.anaconda.org/conda-forge/linux-64/libsqlite-3.53.3-h0c1763c_0.conda
  sha256: 365376f4815e5e80def2b3462a2419708b7c292da0da85278386c2618621fff4
  md5: 4aed8e657e9ff156bdbe849b4df44389
  depends:
  - __glibc >=2.17,<3.0.a0
  - libgcc >=14
  - libzlib >=1.3.2,<2.0a0
  license: blessing
  run_exports:
    weak:
    - libsqlite >=3.53.3,<4.0a0
  size: 962119
  timestamp: 1782519076616
- conda: https://conda.anaconda.org/conda-forge/linux-64/libstdcxx-15.2.0-h934c35e_19.conda
  sha256: dff1058c76ec6b8759e41cefa2508162d00e4a5e6721aa68ec3fd10094e702dc
  md5: 5794b3bdc38177caf969dabd3af08549
  depends:
  - __glibc >=2.17,<3.0.a0
  - libgcc 15.2.0 he0feb66_19
  constrains:
  - libstdcxx-ng ==15.2.0=*_19
  license: GPL-3.0-only WITH GCC-exception-3.1
  license_family: GPL
  run_exports: {}
  size: 5852044
  timestamp: 1778269036376
- conda: https://conda.anaconda.org/conda-forge/linux-64/libuuid-2.42.2-h5347b49_0.conda
  sha256: 9b1bdce27a7e31f7d241aeecff67a1f3101d52a2b1e33ccc2cdf2613072bf81f
  md5: 01bb81d12c957de066ea7362007df642
  depends:
  - libgcc >=14
  - __glibc >=2.17,<3.0.a0
  license: BSD-3-Clause
  license_family: BSD
  run_exports:
    weak:
    - libuuid >=2.42.2,<3.0a0
  size: 40017
  timestamp: 1781625522462
- conda: https://conda.anaconda.org/conda-forge/linux-64/libzlib-1.3.2-h25fd6f3_2.conda
  sha256: 55044c403570f0dc26e6364de4dc5368e5f3fc7ff103e867c487e2b5ab2bcda9
  md5: d87ff7921124eccd67248aa483c23fec
  depends:
  - __glibc >=2.17,<3.0.a0
  constrains:
  - zlib 1.3.2 *_2
  license: Zlib
  license_family: Other
  run_exports:
    weak:
    - libzlib >=1.3.2,<2.0a0
  size: 63629
  timestamp: 1774072609062
- conda: https://conda.anaconda.org/conda-forge/linux-64/ncurses-6.6-hdb14827_0.conda
  sha256: fc89f74bbe362fb29fa3c037697a89bec140b346a2469a90f7936d1d7ea4d8a3
  md5: fc21868a1a5aacc937e7a18747acb8a5
  depends:
  - __glibc >=2.17,<3.0.a0
  - libgcc >=14
  license: X11 AND BSD-3-Clause
  run_exports:
    weak:
    - ncurses >=6.6,<7.0a0
  size: 918956
  timestamp: 1777422145199
- conda: https://conda.anaconda.org/conda-forge/linux-64/numpy-2.5.1-py314h2b28147_0.conda
  sha256: fb665b7e30f9472c58098983f614598cfcf34e7a26b6c419648803095c390aa7
  md5: 59044905d27ba41bfb280ed4692c15e2
  depends:
  - python
  - libgcc >=14
  - __glibc >=2.17,<3.0.a0
  - libstdcxx >=14
  - libblas >=3.9.0,<4.0a0
  - liblapack >=3.9.0,<4.0a0
  - python_abi 3.14.* *_cp314
  - libcblas >=3.9.0,<4.0a0
  constrains:
  - numpy-base <0a0
  license: BSD-3-Clause
  license_family: BSD
  run_exports:
    weak:
    - numpy >=1.25,<3
  size: 9089255
  timestamp: 1783206203765
- conda: https://conda.anaconda.org/conda-forge/linux-64/openssl-3.6.3-h35e630c_0.conda
  sha256: d48f5c22b9897c01e4dff3680f1f57ceb02711ab9c62f74339b080419dfad34b
  md5: 79dd2074b5cd5c5c6b2930514a11e22d
  depends:
  - __glibc >=2.17,<3.0.a0
  - ca-certificates
  - libgcc >=14
  license: Apache-2.0
  license_family: Apache
  run_exports:
    weak:
    - openssl >=3.6.3,<4.0a0
  size: 3159683
  timestamp: 1781069855778
- conda: https://conda.anaconda.org/conda-forge/linux-64/python-3.14.6-habeac84_100_cp314.conda
  build_number: 100
  sha256: 6d28ac2b061179deb434d3d57afa98ffd20ec3c5d44ab8048a1ca33424b22d38
  md5: 0b9b2f83b5b600e1ac38becde8d0dd44
  depends:
  - __glibc >=2.17,<3.0.a0
  - bzip2 >=1.0.8,<2.0a0
  - ld_impl_linux-64 >=2.36.1
  - libexpat >=2.8.1,<3.0a0
  - libffi >=3.5.2,<3.6.0a0
  - libgcc >=14
  - liblzma >=5.8.3,<6.0a0
  - libmpdec >=4.0.0,<5.0a0
  - libsqlite >=3.53.2,<4.0a0
  - libuuid >=2.42.1,<3.0a0
  - libzlib >=1.3.2,<2.0a0
  - ncurses >=6.6,<7.0a0
  - openssl >=3.5.7,<4.0a0
  - python_abi 3.14.* *_cp314
  - readline >=8.3,<9.0a0
  - tk >=8.6.13,<8.7.0a0
  - tzdata
  - zstd >=1.5.7,<1.6.0a0
  license: Python-2.0
  run_exports:
    weak:
    - python_abi 3.14.* *_cp314
    noarch:
    - python
  size: 36717183
  timestamp: 1781255094700
  python_site_packages_path: lib/python3.14/site-packages
- conda: https://conda.anaconda.org/conda-forge/linux-64/readline-8.3-h853b02a_0.conda
  sha256: 12ffde5a6f958e285aa22c191ca01bbd3d6e710aa852e00618fa6ddc59149002
  md5: d7d95fc8287ea7bf33e0e7116d2b95ec
  depends:
  - __glibc >=2.17,<3.0.a0
  - libgcc >=14
  - ncurses >=6.5,<7.0a0
  license: GPL-3.0-only
  license_family: GPL
  run_exports:
    weak:
    - readline >=8.3,<9.0a0
  size: 345073
  timestamp: 1765813471974
- conda: https://conda.anaconda.org/conda-forge/linux-64/tk-8.6.13-noxft_h366c992_103.conda
  sha256: cafeec44494f842ffeca27e9c8b0c27ed714f93ac77ddadc6aaf726b5554ebac
  md5: cffd3bdd58090148f4cfcd831f4b26ab
  depends:
  - __glibc >=2.17,<3.0.a0
  - libgcc >=14
  - libzlib >=1.3.1,<2.0a0
  constrains:
  - xorg-libx11 >=1.8.12,<2.0a0
  license: TCL
  license_family: BSD
  run_exports:
    weak:
    - tk >=8.6.13,<8.7.0a0
  size: 3301196
  timestamp: 1769460227866
- conda: https://conda.anaconda.org/conda-forge/linux-64/uv-0.11.28-h26efc2c_0.conda
  sha256: 13dc75d46bf59f3fc05534c3bb81d3acfb6c52694cc8f99f79d1b15f09152136
  md5: 569949343e8ca45163cf5b82aaaeafdb
  depends:
  - __glibc >=2.17,<3.0.a0
  - libgcc >=14
  - libstdcxx >=14
  constrains:
  - __glibc >=2.17
  license: Apache-2.0 OR MIT
  run_exports: {}
  size: 20945039
  timestamp: 1783474585911
- conda: https://conda.anaconda.org/conda-forge/linux-64/zstd-1.5.7-hb78ec9c_6.conda
  sha256: 68f0206ca6e98fea941e5717cec780ed2873ffabc0e1ed34428c061e2c6268c7
  md5: 4a13eeac0b5c8e5b8ab496e6c4ddd829
  depends:
  - __glibc >=2.17,<3.0.a0
  - libzlib >=1.3.1,<2.0a0
  license: BSD-3-Clause
  license_family: BSD
  run_exports:
    weak:
    - zstd >=1.5.7,<1.6.0a0
  size: 601375
  timestamp: 1764777111296
- conda: https://conda.anaconda.org/conda-forge/noarch/ca-certificates-2026.6.17-hbd8a1cb_0.conda
  sha256: f8e3c730fa14ee3f170493779f06522c4acf89169f43db4f039727709b6419cf
  md5: a9965dd99f683c5f444428f896635716
  depends:
  - __unix
  license: ISC
  run_exports: {}
  size: 128866
  timestamp: 1781708962055
- conda: https://conda.anaconda.org/conda-forge/noarch/cuda-cccl_linux-64-13.3.3.4.1-ha770c72_0.conda
  sha256: 51106d05567031d9b10a26bcaea95022c9ae91ce44758df5dec86d46985bef61
  md5: c7aab5efb8e8151a038f9eb271f23dcf
  depends:
  - cuda-version >=13.3,<13.4.0a0
  license: LicenseRef-NVIDIA-End-User-License-Agreement
  run_exports: {}
  size: 1475805
  timestamp: 1782773759292
- conda: https://conda.anaconda.org/conda-forge/noarch/cuda-cudart-dev_linux-64-13.3.29-h376f20c_0.conda
  sha256: d95f1b404119e3f72edb7ac5dbd4443e2d7d040f7d68c3905c0dd7ad78f11311
  md5: 4165013e8d24dd61774458e6f2e36c32
  depends:
  - cuda-cccl_linux-64
  - cuda-cudart-static_linux-64
  - cuda-cudart_linux-64
  - cuda-version >=13.3,<13.4.0a0
  license: LicenseRef-NVIDIA-End-User-License-Agreement
  run_exports:
    weak:
    - cuda-cudart >=13.3.29,<14.0a0
  size: 405020
  timestamp: 1779898430134
- conda: https://conda.anaconda.org/conda-forge/noarch/cuda-cudart-static_linux-64-13.3.29-h376f20c_0.conda
  sha256: fa920f2c2154ea2ace2d55457e43af8e7bfc2c94fa5ec7276792ad411d1011d1
  md5: 7d4fe2a79d971522b3ad68b772c197eb
  depends:
  - cuda-version >=13.3,<13.4.0a0
  license: LicenseRef-NVIDIA-End-User-License-Agreement
  run_exports: {}
  size: 1126340
  timestamp: 1779898412056
- conda: https://conda.anaconda.org/conda-forge/noarch/cuda-cudart_linux-64-13.3.29-h376f20c_0.conda
  sha256: a86028f94acf37b17ca2280734ae9dcc407cdf68a9c400102d323a3b15e52f0b
  md5: 10949c6dfe9157fedb19170bd6e0b835
  depends:
  - cuda-version >=13.3,<13.4.0a0
  license: LicenseRef-NVIDIA-End-User-License-Agreement
  run_exports: {}
  size: 206064
  timestamp: 1779898416941
- conda: https://conda.anaconda.org/conda-forge/noarch/cuda-pathfinder-1.5.6-pyhc364b38_0.conda
  sha256: aa6b13a1f13e8ee9f4e48d0d1bfe8505d1b40f4c547eea5fba7a69f1ca3ae508
  md5: f9b46e920d4929d099565a251b4902db
  depends:
  - python >=3.10
  - cuda-version >=12.0,<14
  - python
  license: Apache-2.0
  license_family: APACHE
  run_exports: {}
  size: 45350
  timestamp: 1782782777927
- conda: https://conda.anaconda.org/conda-forge/noarch/cuda-version-13.3-hcbadf70_3.conda
  sha256: bd8ee668f416bdd0f6548b2413550ae83d3834665a5be869a2daf99233ec526e
  md5: 0fd72afdcc74560b80eb74b78767c454
  constrains:
  - __cuda >=13
  - cudatoolkit 13.3|13.3.*
  license: LicenseRef-NVIDIA-End-User-License-Agreement
  run_exports: {}
  size: 22083
  timestamp: 1779891651771
- conda: https://conda.anaconda.org/conda-forge/noarch/editables-0.6-pyhcf101f3_0.conda
  sha256: bb826ff403b8195467e7cd5f504bc14767b424dac27bb225508ca2c1852554b2
  md5: 86b177231eecb011fe00e2117dbc3348
  depends:
  - python >=3.10
  - python
  license: MIT
  license_family: MIT
  run_exports: {}
  size: 13160
  timestamp: 1776172429816
- conda: https://conda.anaconda.org/conda-forge/noarch/hatchling-1.31.0-pyhcf101f3_0.conda
  sha256: 65cbd73095b370f6435899489099029d0015853f8814b5d181a293e6933e409b
  md5: 3cddae8a9a1fe9ab349ae6b99e210567
  depends:
  - packaging >=24.2
  - pathspec >=0.10.1
  - pluggy >=1.0.0
  - python >=3.10
  - tomli >=1.2.2
  - trove-classifiers
  - editables >=0.3
  - python
  license: MIT
  run_exports: {}
  size: 62024
  timestamp: 1783514388419
- conda: https://conda.anaconda.org/conda-forge/noarch/packaging-26.2-pyhc364b38_0.conda
  sha256: 3906abfb6511a3bb309e39b9b1b7bc38f50a723971de2395489fd1f379255890
  md5: 4c06a92e74452cfa53623a81592e8934
  depends:
  - python >=3.8
  - python
  license: Apache-2.0
  license_family: APACHE
  run_exports: {}
  size: 91574
  timestamp: 1777103621679
- conda: https://conda.anaconda.org/conda-forge/noarch/pathspec-1.1.1-pyhd8ed1ab_0.conda
  sha256: 6eaee417d33f298db79bc7185ab1208604c0e6cf51dade34cd513c6f9db9c6f3
  md5: 11adc78451c998c0fd162584abfa3559
  depends:
  - python >=3.10
  license: MPL-2.0
  license_family: MOZILLA
  run_exports: {}
  size: 56559
  timestamp: 1777271601895
- conda: https://conda.anaconda.org/conda-forge/noarch/pluggy-1.6.0-pyhf9edf01_1.conda
  sha256: e14aafa63efa0528ca99ba568eaf506eb55a0371d12e6250aaaa61718d2eb62e
  md5: d7585b6550ad04c8c5e21097ada2888e
  depends:
  - python >=3.9
  - python
  license: MIT
  license_family: MIT
  run_exports: {}
  size: 25877
  timestamp: 1764896838868
- conda: https://conda.anaconda.org/conda-forge/noarch/python_abi-3.14-8_cp314.conda
  build_number: 8
  sha256: ad6d2e9ac39751cc0529dd1566a26751a0bf2542adb0c232533d32e176e21db5
  md5: 0539938c55b6b1a59b560e843ad864a4
  constrains:
  - python 3.14.* *_cp314
  license: BSD-3-Clause
  license_family: BSD
  run_exports: {}
  size: 6989
  timestamp: 1752805904792
- conda: https://conda.anaconda.org/conda-forge/noarch/tomli-2.4.1-pyhcf101f3_0.conda
  sha256: 91cafdb64268e43e0e10d30bd1bef5af392e69f00edd34dfaf909f69ab2da6bd
  md5: b5325cf06a000c5b14970462ff5e4d58
  depends:
  - python >=3.10
  - python
  license: MIT
  license_family: MIT
  run_exports: {}
  size: 21561
  timestamp: 1774492402955
- conda: https://conda.anaconda.org/conda-forge/noarch/trove-classifiers-2026.6.1.19-pyhcf101f3_0.conda
  sha256: 74dabeb087f26116a262a7580a78622f2bf109798a7e154d4d9b48234ed72b11
  md5: f23d5a5855f09bcb5026938486a9750d
  depends:
  - python >=3.10
  - python
  license: Apache-2.0
  license_family: APACHE
  run_exports: {}
  size: 24210
  timestamp: 1780385194431
- conda: https://conda.anaconda.org/conda-forge/noarch/typing-extensions-4.16.0-h69aa097_0.conda
  sha256: b141933ece3518f6d7b75dfb59451e2f26b405a44c18e2518a83e9a02e09315c
  md5: c680b5747e8c4c8f23dca0bb7042a8fc
  depends:
  - typing_extensions ==4.16.0 pyhcf101f3_0
  license: PSF-2.0
  license_family: PSF
  run_exports: {}
  size: 94080
  timestamp: 1783002732887
- conda: https://conda.anaconda.org/conda-forge/noarch/typing_extensions-4.16.0-pyhcf101f3_0.conda
  sha256: 2d888f90af0686044882c74193ec80a90ec1943145d94a7b1b048958acda1848
  md5: c70ad746c22219b9700931707482992c
  depends:
  - python >=3.10
  - python
  license: PSF-2.0
  license_family: PSF
  run_exports: {}
  size: 52631
  timestamp: 1783002732887
- conda: https://conda.anaconda.org/conda-forge/noarch/tzdata-2025c-hc9c84f9_1.conda
  sha256: 1d30098909076af33a35017eed6f2953af1c769e273a0626a04722ac4acaba3c
  md5: ad659d0a2b3e47e38d829aa8cad2d610
  license: LicenseRef-Public-Domain
  run_exports: {}
  size: 119135
  timestamp: 1767016325805
- conda_source: cutile-example[2cdf68b6] @ .
  variants:
    target_platform: noarch
  depends:
  - python >=3.11
  - python *
  - numpy >=2.5.1,<3
  - cupy >=14.1.1,<15
  - cutile-python >=1.4.0,<2
  license: Apache-2.0
  host_packages:
  - conda: https://conda.anaconda.org/conda-forge/linux-64/_openmp_mutex-4.5-20_gnu.conda
  - conda: https://conda.anaconda.org/conda-forge/linux-64/bzip2-1.0.8-hda65f42_9.conda
  - conda: https://conda.anaconda.org/conda-forge/linux-64/ld_impl_linux-64-2.45.1-default_hbd61a6d_102.conda
  - conda: https://conda.anaconda.org/conda-forge/linux-64/libexpat-2.8.1-hecca717_1.conda
  - conda: https://conda.anaconda.org/conda-forge/linux-64/libffi-3.5.2-h3435931_0.conda
  - conda: https://conda.anaconda.org/conda-forge/linux-64/libgcc-15.2.0-he0feb66_19.conda
  - conda: https://conda.anaconda.org/conda-forge/linux-64/libgomp-15.2.0-he0feb66_19.conda
  - conda: https://conda.anaconda.org/conda-forge/linux-64/liblzma-5.8.3-hb03c661_0.conda
  - conda: https://conda.anaconda.org/conda-forge/linux-64/libmpdec-4.0.0-hb03c661_1.conda
  - conda: https://conda.anaconda.org/conda-forge/linux-64/libsqlite-3.53.3-h0c1763c_0.conda
  - conda: https://conda.anaconda.org/conda-forge/linux-64/libstdcxx-15.2.0-h934c35e_19.conda
  - conda: https://conda.anaconda.org/conda-forge/linux-64/libuuid-2.42.2-h5347b49_0.conda
  - conda: https://conda.anaconda.org/conda-forge/linux-64/libzlib-1.3.2-h25fd6f3_2.conda
  - conda: https://conda.anaconda.org/conda-forge/linux-64/ncurses-6.6-hdb14827_0.conda
  - conda: https://conda.anaconda.org/conda-forge/linux-64/openssl-3.6.3-h35e630c_0.conda
  - conda: https://conda.anaconda.org/conda-forge/linux-64/python-3.14.6-habeac84_100_cp314.conda
  - conda: https://conda.anaconda.org/conda-forge/linux-64/readline-8.3-h853b02a_0.conda
  - conda: https://conda.anaconda.org/conda-forge/linux-64/tk-8.6.13-noxft_h366c992_103.conda
  - conda: https://conda.anaconda.org/conda-forge/linux-64/uv-0.11.28-h26efc2c_0.conda
  - conda: https://conda.anaconda.org/conda-forge/linux-64/zstd-1.5.7-hb78ec9c_6.conda
  - conda: https://conda.anaconda.org/conda-forge/noarch/ca-certificates-2026.6.17-hbd8a1cb_0.conda
  - conda: https://conda.anaconda.org/conda-forge/noarch/editables-0.6-pyhcf101f3_0.conda
  - conda: https://conda.anaconda.org/conda-forge/noarch/hatchling-1.31.0-pyhcf101f3_0.conda
  - conda: https://conda.anaconda.org/conda-forge/noarch/packaging-26.2-pyhc364b38_0.conda
  - conda: https://conda.anaconda.org/conda-forge/noarch/pathspec-1.1.1-pyhd8ed1ab_0.conda
  - conda: https://conda.anaconda.org/conda-forge/noarch/pluggy-1.6.0-pyhf9edf01_1.conda
  - conda: https://conda.anaconda.org/conda-forge/noarch/python_abi-3.14-8_cp314.conda
  - conda: https://conda.anaconda.org/conda-forge/noarch/tomli-2.4.1-pyhcf101f3_0.conda
  - conda: https://conda.anaconda.org/conda-forge/noarch/trove-classifiers-2026.6.1.19-pyhcf101f3_0.conda
  - conda: https://conda.anaconda.org/conda-forge/noarch/tzdata-2025c-hc9c84f9_1.conda
